
Microsoft Visual Studio Solution File, Format Version 12.00
# Visual Studio 15
VisualStudioVersion = 15.0.26124.0
MinimumVisualStudioVersion = 15.0.26124.0
Project("{FAE04EC0-301F-11D3-BF4B-00C04F79EFBC}") = "Trivident.Movies.ApplicationCore", "Trivident.Movies.ApplicationCore\Trivident.Movies.ApplicationCore.csproj", "{F76A4AC9-8C4D-4C7D-B1E1-5EC86E3ADB86}"
EndProject
Project("{FAE04EC0-301F-11D3-BF4B-00C04F79EFBC}") = "Trivident.Movies.Web", "Trivident.Movies.Web\Trivident.Movies.Web.csproj", "{5F26000E-524F-451E-AF02-8013BF4BC52D}"
EndProject
Project("{FAE04EC0-301F-11D3-BF4B-00C04F79EFBC}") = "Trivident.Movies.Infrastructure", "Trivident.Movies.Infrastructure\Trivident.Movies.Infrastructure.csproj", "{A575856A-F054-4FBA-AD23-3A2CD1A0E3B2}"
EndProject
Global
	GlobalSection(SolutionConfigurationPlatforms) = preSolution
		Debug|Any CPU = Debug|Any CPU
		Debug|x64 = Debug|x64
		Debug|x86 = Debug|x86
		Release|Any CPU = Release|Any CPU
		Release|x64 = Release|x64
		Release|x86 = Release|x86
	EndGlobalSection
	GlobalSection(SolutionProperties) = preSolution
		HideSolutionNode = FALSE
	EndGlobalSection
	GlobalSection(ProjectConfigurationPlatforms) = postSolution
		{F76A4AC9-8C4D-4C7D-B1E1-5EC86E3ADB86}.Debug|Any CPU.ActiveCfg = Debug|Any CPU
		{F76A4AC9-8C4D-4C7D-B1E1-5EC86E3ADB86}.Debug|Any CPU.Build.0 = Debug|Any CPU
		{F76A4AC9-8C4D-4C7D-B1E1-5EC86E3ADB86}.Debug|x64.ActiveCfg = Debug|Any CPU
		{F76A4AC9-8C4D-4C7D-B1E1-5EC86E3ADB86}.Debug|x64.Build.0 = Debug|Any CPU
		{F76A4AC9-8C4D-4C7D-B1E1-5EC86E3ADB86}.Debug|x86.ActiveCfg = Debug|Any CPU
		{F76A4AC9-8C4D-4C7D-B1E1-5EC86E3ADB86}.Debug|x86.Build.0 = Debug|Any CPU
		{F76A4AC9-8C4D-4C7D-B1E1-5EC86E3ADB86}.Release|Any CPU.ActiveCfg = Release|Any CPU
		{F76A4AC9-8C4D-4C7D-B1E1-5EC86E3ADB86}.Release|Any CPU.Build.0 = Release|Any CPU
		{F76A4AC9-8C4D-4C7D-B1E1-5EC86E3ADB86}.Release|x64.ActiveCfg = Release|Any CPU
		{F76A4AC9-8C4D-4C7D-B1E1-5EC86E3ADB86}.Release|x64.Build.0 = Release|Any CPU
		{F76A4AC9-8C4D-4C7D-B1E1-5EC86E3ADB86}.Release|x86.ActiveCfg = Release|Any CPU
		{F76A4AC9-8C4D-4C7D-B1E1-5EC86E3ADB86}.Release|x86.Build.0 = Release|Any CPU
		{5F26000E-524F-451E-AF02-8013BF4BC52D}.Debug|Any CPU.ActiveCfg = Debug|Any CPU
		{5F26000E-524F-451E-AF02-8013BF4BC52D}.Debug|Any CPU.Build.0 = Debug|Any CPU
		{5F26000E-524F-451E-AF02-8013BF4BC52D}.Debug|x64.ActiveCfg = Debug|Any CPU
		{5F26000E-524F-451E-AF02-8013BF4BC52D}.Debug|x64.Build.0 = Debug|Any CPU
		{5F26000E-524F-451E-AF02-8013BF4BC52D}.Debug|x86.ActiveCfg = Debug|Any CPU
		{5F26000E-524F-451E-AF02-8013BF4BC52D}.Debug|x86.Build.0 = Debug|Any CPU
		{5F26000E-524F-451E-AF02-8013BF4BC52D}.Release|Any CPU.ActiveCfg = Release|Any CPU
		{5F26000E-524F-451E-AF02-8013BF4BC52D}.Release|Any CPU.Build.0 = Release|Any CPU
		{5F26000E-524F-451E-AF02-8013BF4BC52D}.Release|x64.ActiveCfg = Release|Any CPU
		{5F26000E-524F-451E-AF02-8013BF4BC52D}.Release|x64.Build.0 = Release|Any CPU
		{5F26000E-524F-451E-AF02-8013BF4BC52D}.Release|x86.ActiveCfg = Release|Any CPU
		{5F26000E-524F-451E-AF02-8013BF4BC52D}.Release|x86.Build.0 = Release|Any CPU
		{A575856A-F054-4FBA-AD23-3A2CD1A0E3B2}.Debug|Any CPU.ActiveCfg = Debug|Any CPU
		{A575856A-F054-4FBA-AD23-3A2CD1A0E3B2}.Debug|Any CPU.Build.0 = Debug|Any CPU
		{A575856A-F054-4FBA-AD23-3A2CD1A0E3B2}.Debug|x64.ActiveCfg = Debug|Any CPU
		{A575856A-F054-4FBA-AD23-3A2CD1A0E3B2}.Debug|x64.Build.0 = Debug|Any CPU
		{A575856A-F054-4FBA-AD23-3A2CD1A0E3B2}.Debug|x86.ActiveCfg = Debug|Any CPU
		{A575856A-F054-4FBA-AD23-3A2CD1A0E3B2}.Debug|x86.Build.0 = Debug|Any CPU
		{A575856A-F054-4FBA-AD23-3A2CD1A0E3B2}.Release|Any CPU.ActiveCfg = Release|Any CPU
		{A575856A-F054-4FBA-AD23-3A2CD1A0E3B2}.Release|Any CPU.Build.0 = Release|Any CPU
		{A575856A-F054-4FBA-AD23-3A2CD1A0E3B2}.Release|x64.ActiveCfg = Release|Any CPU
		{A575856A-F054-4FBA-AD23-3A2CD1A0E3B2}.Release|x64.Build.0 = Release|Any CPU
		{A575856A-F054-4FBA-AD23-3A2CD1A0E3B2}.Release|x86.ActiveCfg = Release|Any CPU
		{A575856A-F054-4FBA-AD23-3A2CD1A0E3B2}.Release|x86.Build.0 = Release|Any CPU
	EndGlobalSection
EndGlobal
